// !$*UTF8*$!
{
	archiveVersion = 1;
	classes = {
	};
	objectVersion = 56;
	objects = {

/* Begin PBXBuildFile section */
		52CBB05B29D4C9B200003F3E /* RealtorHubApp.swift in Sources */ = {isa = PBXBuildFile; fileRef = 52CBB05A29D4C9B200003F3E /* RealtorHubApp.swift */; };
		52CBB05D29D4C9B200003F3E /* ContentView.swift in Sources */ = {isa = PBXBuildFile; fileRef = 52CBB05C29D4C9B200003F3E /* ContentView.swift */; };
		52CBB05F29D4C9B400003F3E /* Assets.xcassets in Resources */ = {isa = PBXBuildFile; fileRef = 52CBB05E29D4C9B400003F3E /* Assets.xcassets */; };
		52CBB06229D4C9B400003F3E /* Preview Assets.xcassets in Resources */ = {isa = PBXBuildFile; fileRef = 52CBB06129D4C9B400003F3E /* Preview Assets.xcassets */; };
		52CBB06C29D4C9B400003F3E /* RealtorHubTests.swift in Sources */ = {isa = PBXBuildFile; fileRef = 52CBB06B29D4C9B400003F3E /* RealtorHubTests.swift */; };
		52CBB07629D4C9B400003F3E /* RealtorHubUITests.swift in Sources */ = {isa = PBXBuildFile; fileRef = 52CBB07529D4C9B400003F3E /* RealtorHubUITests.swift */; };
		52CBB07829D4C9B400003F3E /* RealtorHubUITestsLaunchTests.swift in Sources */ = {isa = PBXBuildFile; fileRef = 52CBB07729D4C9B400003F3E /* RealtorHubUITestsLaunchTests.swift */; };
		52CBB08529D4E36500003F3E /* MainScreenView.swift in Sources */ = {isa = PBXBuildFile; fileRef = 52CBB08429D4E36500003F3E /* MainScreenView.swift */; };
/* End PBXBuildFile section */

/* Begin PBXContainerItemProxy section */
		52CBB06829D4C9B400003F3E /* PBXContainerItemProxy */ = {
			isa = PBXContainerItemProxy;
			containerPortal = 52CBB04F29D4C9B200003F3E /* Project object */;
			proxyType = 1;
			remoteGlobalIDString = 52CBB05629D4C9B200003F3E;
			remoteInfo = RealtorHub;
		};
		52CBB07229D4C9B400003F3E /* PBXContainerItemProxy */ = {
			isa = PBXContainerItemProxy;
			containerPortal = 52CBB04F29D4C9B200003F3E /* Project object */;
			proxyType = 1;
			remoteGlobalIDString = 52CBB05629D4C9B200003F3E;
			remoteInfo = RealtorHub;
		};
/* End PBXContainerItemProxy section */

/* Begin PBXFileReference section */
		52CBB05729D4C9B200003F3E /* RealtorHub.app */ = {isa = PBXFileReference; explicitFileType = wrapper.application; includeInIndex = 0; path = RealtorHub.app; sourceTree = BUILT_PRODUCTS_DIR; };
		52CBB05A29D4C9B200003F3E /* RealtorHubApp.swift */ = {isa = PBXFileReference; lastKnownFileType = sourcecode.swift; path = RealtorHubApp.swift; sourceTree = "<group>"; };
		52CBB05C29D4C9B200003F3E /* ContentView.swift */ = {isa = PBXFileReference; lastKnownFileType = sourcecode.swift; path = ContentView.swift; sourceTree = "<group>"; };
		52CBB05E29D4C9B400003F3E /* Assets.xcassets */ = {isa = PBXFileReference; lastKnownFileType = folder.assetcatalog; path = Assets.xcassets; sourceTree = "<group>"; };
		52CBB06129D4C9B400003F3E /* Preview Assets.xcassets */ = {isa = PBXFileReference; lastKnownFileType = folder.assetcatalog; path = "Preview Assets.xcassets"; sourceTree = "<group>"; };
		52CBB06729D4C9B400003F3E /* RealtorHubTests.xctest */ = {isa = PBXFileReference; explicitFileType = wrapper.cfbundle; includeInIndex = 0; path = RealtorHubTests.xctest; sourceTree = BUILT_PRODUCTS_DIR; };
		52CBB06B29D4C9B400003F3E /* RealtorHubTests.swift */ = {isa = PBXFileReference; lastKnownFileType = sourcecode.swift; path = RealtorHubTests.swift; sourceTree = "<group>"; };
		52CBB07129D4C9B400003F3E /* RealtorHubUITests.xctest */ = {isa = PBXFileReference; explicitFileType = wrapper.cfbundle; includeInIndex = 0; path = RealtorHubUITests.xctest; sourceTree = BUILT_PRODUCTS_DIR; };
		52CBB07529D4C9B400003F3E /* RealtorHubUITests.swift */ = {isa = PBXFileReference; lastKnownFileType = sourcecode.swift; path = RealtorHubUITests.swift; sourceTree = "<group>"; };
		52CBB07729D4C9B400003F3E /* RealtorHubUITestsLaunchTests.swift */ = {isa = PBXFileReference; lastKnownFileType = sourcecode.swift; path = RealtorHubUITestsLaunchTests.swift; sourceTree = "<group>"; };
		52CBB08429D4E36500003F3E /* MainScreenView.swift */ = {isa = PBXFileReference; lastKnownFileType = sourcecode.swift; path = MainScreenView.swift; sourceTree = "<group>"; };
/* End PBXFileReference section */

/* Begin PBXFrameworksBuildPhase section */
		52CBB05429D4C9B200003F3E /* Frameworks */ = {
			isa = PBXFrameworksBuildPhase;
			buildActionMask = 2147483647;
			files = (
			);
			runOnlyForDeploymentPostprocessing = 0;
		};
		52CBB06429D4C9B400003F3E /* Frameworks */ = {
			isa = PBXFrameworksBuildPhase;
			buildActionMask = 2147483647;
			files = (
			);
			runOnlyForDeploymentPostprocessing = 0;
		};
		52CBB06E29D4C9B400003F3E /* Frameworks */ = {
			isa = PBXFrameworksBuildPhase;
			buildActionMask = 2147483647;
			files = (
			);
			runOnlyForDeploymentPostprocessing = 0;
		};
/* End PBXFrameworksBuildPhase section */

/* Begin PBXGroup section */
		52CBB04E29D4C9B200003F3E = {
			isa = PBXGroup;
			children = (
				52CBB05929D4C9B200003F3E /* RealtorHub */,
				52CBB06A29D4C9B400003F3E /* RealtorHubTests */,
				52CBB07429D4C9B400003F3E /* RealtorHubUITests */,
				52CBB05829D4C9B200003F3E /* Products */,
			);
			sourceTree = "<group>";
		};
		52CBB05829D4C9B200003F3E /* Products */ = {
			isa = PBXGroup;
			children = (
				52CBB05729D4C9B200003F3E /* RealtorHub.app */,
				52CBB06729D4C9B400003F3E /* RealtorHubTests.xctest */,
				52CBB07129D4C9B400003F3E /* RealtorHubUITests.xctest */,
			);
			name = Products;
			sourceTree = "<group>";
		};
		52CBB05929D4C9B200003F3E /* RealtorHub */ = {
			isa = PBXGroup;
			children = (
				52CBB05A29D4C9B200003F3E /* RealtorHubApp.swift */,
				52CBB05C29D4C9B200003F3E /* ContentView.swift */,
				52CBB08429D4E36500003F3E /* MainScreenView.swift */,
				52CBB05E29D4C9B400003F3E /* Assets.xcassets */,
				52CBB06029D4C9B400003F3E /* Preview Content */,
			);
			path = RealtorHub;
			sourceTree = "<group>";
		};
		52CBB06029D4C9B400003F3E /* Preview Content */ = {
			isa = PBXGroup;
			children = (
				52CBB06129D4C9B400003F3E /* Preview Assets.xcassets */,
			);
			path = "Preview Content";
			sourceTree = "<group>";
		};
		52CBB06A29D4C9B400003F3E /* RealtorHubTests */ = {
			isa = PBXGroup;
			children = (
				52CBB06B29D4C9B400003F3E /* RealtorHubTests.swift */,
			);
			path = RealtorHubTests;
			sourceTree = "<group>";
		};
		52CBB07429D4C9B400003F3E /* RealtorHubUITests */ = {
			isa = PBXGroup;
			children = (
				52CBB07529D4C9B400003F3E /* RealtorHubUITests.swift */,
				52CBB07729D4C9B400003F3E /* RealtorHubUITestsLaunchTests.swift */,
			);
			path = RealtorHubUITests;
			sourceTree = "<group>";
		};
/* End PBXGroup section */

/* Begin PBXNativeTarget section */
		52CBB05629D4C9B200003F3E /* RealtorHub */ = {
			isa = PBXNativeTarget;
			buildConfigurationList = 52CBB07B29D4C9B400003F3E /* Build configuration list for PBXNativeTarget "RealtorHub" */;
			buildPhases = (
				52CBB05329D4C9B200003F3E /* Sources */,
				52CBB05429D4C9B200003F3E /* Frameworks */,
				52CBB05529D4C9B200003F3E /* Resources */,
			);
			buildRules = (
			);
			dependencies = (
			);
			name = RealtorHub;
			productName = RealtorHub;
			productReference = 52CBB05729D4C9B200003F3E /* RealtorHub.app */;
			productType = "com.apple.product-type.application";
		};
		52CBB06629D4C9B400003F3E /* RealtorHubTests */ = {
			isa = PBXNativeTarget;
			buildConfigurationList = 52CBB07E29D4C9B400003F3E /* Build configuration list for PBXNativeTarget "RealtorHubTests" */;
			buildPhases = (
				52CBB06329D4C9B400003F3E /* Sources */,
				52CBB06429D4C9B400003F3E /* Frameworks */,
				52CBB06529D4C9B400003F3E /* Resources */,
			);
			buildRules = (
			);
			dependencies = (
				52CBB06929D4C9B400003F3E /* PBXTargetDependency */,
			);
			name = RealtorHubTests;
			productName = RealtorHubTests;
			productReference = 52CBB06729D4C9B400003F3E /* RealtorHubTests.xctest */;
			productType = "com.apple.product-type.bundle.unit-test";
		};
		52CBB07029D4C9B400003F3E /* RealtorHubUITests */ = {
			isa = PBXNativeTarget;
			buildConfigurationList = 52CBB08129D4C9B400003F3E /* Build configuration list for PBXNativeTarget "RealtorHubUITests" */;
			buildPhases = (
				52CBB06D29D4C9B400003F3E /* Sources */,
				52CBB06E29D4C9B400003F3E /* Frameworks */,
				52CBB06F29D4C9B400003F3E /* Resources */,
			);
			buildRules = (
			);
			dependencies = (
				52CBB07329D4C9B400003F3E /* PBXTargetDependency */,
			);
			name = RealtorHubUITests;
			productName = RealtorHubUITests;
			productReference = 52CBB07129D4C9B400003F3E /* RealtorHubUITests.xctest */;
			productType = "com.apple.product-type.bundle.ui-testing";
		};
/* End PBXNativeTarget section */

/* Begin PBXProject section */
		52CBB04F29D4C9B200003F3E /* Project object */ = {
			isa = PBXProject;
			attributes = {
				BuildIndependentTargetsInParallel = 1;
				LastSwiftUpdateCheck = 1420;
				LastUpgradeCheck = 1420;
				TargetAttributes = {
					52CBB05629D4C9B200003F3E = {
						CreatedOnToolsVersion = 14.2;
					};
					52CBB06629D4C9B400003F3E = {
						CreatedOnToolsVersion = 14.2;
						TestTargetID = 52CBB05629D4C9B200003F3E;
					};
					52CBB07029D4C9B400003F3E = {
						CreatedOnToolsVersion = 14.2;
						TestTargetID = 52CBB05629D4C9B200003F3E;
					};
				};
			};
			buildConfigurationList = 52CBB05229D4C9B200003F3E /* Build configuration list for PBXProject "RealtorHub" */;
			compatibilityVersion = "Xcode 14.0";
			developmentRegion = en;
			hasScannedForEncodings = 0;
			knownRegions = (
				en,
				Base,
			);
			mainGroup = 52CBB04E29D4C9B200003F3E;
			productRefGroup = 52CBB05829D4C9B200003F3E /* Products */;
			projectDirPath = "";
			projectRoot = "";
			targets = (
				52CBB05629D4C9B200003F3E /* RealtorHub */,
				52CBB06629D4C9B400003F3E /* RealtorHubTests */,
				52CBB07029D4C9B400003F3E /* RealtorHubUITests */,
			);
		};
/* End PBXProject section */

/* Begin PBXResourcesBuildPhase section */
		52CBB05529D4C9B200003F3E /* Resources */ = {
			isa = PBXResourcesBuildPhase;
			buildActionMask = 2147483647;
			files = (
				52CBB06229D4C9B400003F3E /* Preview Assets.xcassets in Resources */,
				52CBB05F29D4C9B400003F3E /* Assets.xcassets in Resources */,
			);
			runOnlyForDeploymentPostprocessing = 0;
		};
		52CBB06529D4C9B400003F3E /* Resources */ = {
			isa = PBXResourcesBuildPhase;
			buildActionMask = 2147483647;
			files = (
			);
			runOnlyForDeploymentPostprocessing = 0;
		};
		52CBB06F29D4C9B400003F3E /* Resources */ = {
			isa = PBXResourcesBuildPhase;
			buildActionMask = 2147483647;
			files = (
			);
			runOnlyForDeploymentPostprocessing = 0;
		};
/* End PBXResourcesBuildPhase section */

/* Begin PBXSourcesBuildPhase section */
		52CBB05329D4C9B200003F3E /* Sources */ = {
			isa = PBXSourcesBuildPhase;
			buildActionMask = 2147483647;
			files = (
				52CBB05D29D4C9B200003F3E /* ContentView.swift in Sources */,
				52CBB08529D4E36500003F3E /* MainScreenView.swift in Sources */,
				52CBB05B29D4C9B200003F3E /* RealtorHubApp.swift in Sources */,
			);
			runOnlyForDeploymentPostprocessing = 0;
		};
		52CBB06329D4C9B400003F3E /* Sources */ = {
			isa = PBXSourcesBuildPhase;
			buildActionMask = 2147483647;
			files = (
				52CBB06C29D4C9B400003F3E /* RealtorHubTests.swift in Sources */,
			);
			runOnlyForDeploymentPostprocessing = 0;
		};
		52CBB06D29D4C9B400003F3E /* Sources */ = {
			isa = PBXSourcesBuildPhase;
			buildActionMask = 2147483647;
			files = (
				52CBB07829D4C9B400003F3E /* RealtorHubUITestsLaunchTests.swift in Sources */,
				52CBB07629D4C9B400003F3E /* RealtorHubUITests.swift in Sources */,
			);
			runOnlyForDeploymentPostprocessing = 0;
		};
/* End PBXSourcesBuildPhase section */

/* Begin PBXTargetDependency section */
		52CBB06929D4C9B400003F3E /* PBXTargetDependency */ = {
			isa = PBXTargetDependency;
			target = 52CBB05629D4C9B200003F3E /* RealtorHub */;
			targetProxy = 52CBB06829D4C9B400003F3E /* PBXContainerItemProxy */;
		};
		52CBB07329D4C9B400003F3E /* PBXTargetDependency */ = {
			isa = PBXTargetDependency;
			target = 52CBB05629D4C9B200003F3E /* RealtorHub */;
			targetProxy = 52CBB07229D4C9B400003F3E /* PBXContainerItemProxy */;
		};
/* End PBXTargetDependency section */

/* Begin XCBuildConfiguration section */
		52CBB07929D4C9B400003F3E /* Debug */ = {
			isa = XCBuildConfiguration;
			buildSettings = {
				ALWAYS_SEARCH_USER_PATHS = NO;
				CLANG_ANALYZER_NONNULL = YES;
				CLANG_ANALYZER_NUMBER_OBJECT_CONVERSION = YES_AGGRESSIVE;
				CLANG_CXX_LANGUAGE_STANDARD = "gnu++20";
				CLANG_ENABLE_MODULES = YES;
				CLANG_ENABLE_OBJC_ARC = YES;
				CLANG_ENABLE_OBJC_WEAK = YES;
				CLANG_WARN_BLOCK_CAPTURE_AUTORELEASING = YES;
				CLANG_WARN_BOOL_CONVERSION = YES;
				CLANG_WARN_COMMA = YES;
				CLANG_WARN_CONSTANT_CONVERSION = YES;
				CLANG_WARN_DEPRECATED_OBJC_IMPLEMENTATIONS = YES;
				CLANG_WARN_DIRECT_OBJC_ISA_USAGE = YES_ERROR;
				CLANG_WARN_DOCUMENTATION_COMMENTS = YES;
				CLANG_WARN_EMPTY_BODY = YES;
				CLANG_WARN_ENUM_CONVERSION = YES;
				CLANG_WARN_INFINITE_RECURSION = YES;
				CLANG_WARN_INT_CONVERSION = YES;
				CLANG_WARN_NON_LITERAL_NULL_CONVERSION = YES;
				CLANG_WARN_OBJC_IMPLICIT_RETAIN_SELF = YES;
				CLANG_WARN_OBJC_LITERAL_CONVERSION = YES;
				CLANG_WARN_OBJC_ROOT_CLASS = YES_ERROR;
				CLANG_WARN_QUOTED_INCLUDE_IN_FRAMEWORK_HEADER = YES;
				CLANG_WARN_RANGE_LOOP_ANALYSIS = YES;
				CLANG_WARN_STRICT_PROTOTYPES = YES;
				CLANG_WARN_SUSPICIOUS_MOVE = YES;
				CLANG_WARN_UNGUARDED_AVAILABILITY = YES_AGGRESSIVE;
				CLANG_WARN_UNREACHABLE_CODE = YES;
				CLANG_WARN__DUPLICATE_METHOD_MATCH = YES;
				COPY_PHASE_STRIP = NO;
				DEBUG_INFORMATION_FORMAT = dwarf;
				ENABLE_STRICT_OBJC_MSGSEND = YES;
				ENABLE_TESTABILITY = YES;
				GCC_C_LANGUAGE_STANDARD = gnu11;
				GCC_DYNAMIC_NO_PIC = NO;
				GCC_NO_COMMON_BLOCKS = YES;
				GCC_OPTIMIZATION_LEVEL = 0;
				GCC_PREPROCESSOR_DEFINITIONS = (
					"DEBUG=1",
					"$(inherited)",
				);
				GCC_WARN_64_TO_32_BIT_CONVERSION = YES;
				GCC_WARN_ABOUT_RETURN_TYPE = YES_ERROR;
				GCC_WARN_UNDECLARED_SELECTOR = YES;
				GCC_WARN_UNINITIALIZED_AUTOS = YES_AGGRESSIVE;
				GCC_WARN_UNUSED_FUNCTION = YES;
				GCC_WARN_UNUSED_VARIABLE = YES;
				IPHONEOS_DEPLOYMENT_TARGET = 16.2;
				MTL_ENABLE_DEBUG_INFO = INCLUDE_SOURCE;
				MTL_FAST_MATH = YES;
				ONLY_ACTIVE_ARCH = YES;
				SDKROOT = iphoneos;
				SWIFT_ACTIVE_COMPILATION_CONDITIONS = DEBUG;
				SWIFT_OPTIMIZATION_LEVEL = "-Onone";
			};
			name = Debug;
		};
		52CBB07A29D4C9B400003F3E /* Release */ = {
			isa = XCBuildConfiguration;
			buildSettings = {
				ALWAYS_SEARCH_USER_PATHS = NO;
				CLANG_ANALYZER_NONNULL = YES;
				CLANG_ANALYZER_NUMBER_OBJECT_CONVERSION = YES_AGGRESSIVE;
				CLANG_CXX_LANGUAGE_STANDARD = "gnu++20";
				CLANG_ENABLE_MODULES = YES;
				CLANG_ENABLE_OBJC_ARC = YES;
				CLANG_ENABLE_OBJC_WEAK = YES;
				CLANG_WARN_BLOCK_CAPTURE_AUTORELEASING = YES;
				CLANG_WARN_BOOL_CONVERSION = YES;
				CLANG_WARN_COMMA = YES;
				CLANG_WARN_CONSTANT_CONVERSION = YES;
				CLANG_WARN_DEPRECATED_OBJC_IMPLEMENTATIONS = YES;
				CLANG_WARN_DIRECT_OBJC_ISA_USAGE = YES_ERROR;
				CLANG_WARN_DOCUMENTATION_COMMENTS = YES;
				CLANG_WARN_EMPTY_BODY = YES;
				CLANG_WARN_ENUM_CONVERSION = YES;
				CLANG_WARN_INFINITE_RECURSION = YES;
				CLANG_WARN_INT_CONVERSION = YES;
				CLANG_WARN_NON_LITERAL_NULL_CONVERSION = YES;
				CLANG_WARN_OBJC_IMPLICIT_RETAIN_SELF = YES;
				CLANG_WARN_OBJC_LITERAL_CONVERSION = YES;
				CLANG_WARN_OBJC_ROOT_CLASS = YES_ERROR;
				CLANG_WARN_QUOTED_INCLUDE_IN_FRAMEWORK_HEADER = YES;
				CLANG_WARN_RANGE_LOOP_ANALYSIS = YES;
				CLANG_WARN_STRICT_PROTOTYPES = YES;
				CLANG_WARN_SUSPICIOUS_MOVE = YES;
				CLANG_WARN_UNGUARDED_AVAILABILITY = YES_AGGRESSIVE;
				CLANG_WARN_UNREACHABLE_CODE = YES;
				CLANG_WARN__DUPLICATE_METHOD_MATCH = YES;
				COPY_PHASE_STRIP = NO;
				DEBUG_INFORMATION_FORMAT = "dwarf-with-dsym";
				ENABLE_NS_ASSERTIONS = NO;
				ENABLE_STRICT_OBJC_MSGSEND = YES;
				GCC_C_LANGUAGE_STANDARD = gnu11;
				GCC_NO_COMMON_BLOCKS = YES;
				GCC_WARN_64_TO_32_BIT_CONVERSION = YES;
				GCC_WARN_ABOUT_RETURN_TYPE = YES_ERROR;
				GCC_WARN_UNDECLARED_SELECTOR = YES;
				GCC_WARN_UNINITIALIZED_AUTOS = YES_AGGRESSIVE;
				GCC_WARN_UNUSED_FUNCTION = YES;
				GCC_WARN_UNUSED_VARIABLE = YES;
				IPHONEOS_DEPLOYMENT_TARGET = 16.2;
				MTL_ENABLE_DEBUG_INFO = NO;
				MTL_FAST_MATH = YES;
				SDKROOT = iphoneos;
				SWIFT_COMPILATION_MODE = wholemodule;
				SWIFT_OPTIMIZATION_LEVEL = "-O";
				VALIDATE_PRODUCT = YES;
			};
			name = Release;
		};
		52CBB07C29D4C9B400003F3E /* Debug */ = {
			isa = XCBuildConfiguration;
			buildSettings = {
				ASSETCATALOG_COMPILER_APPICON_NAME = AppIcon;
				ASSETCATALOG_COMPILER_GLOBAL_ACCENT_COLOR_NAME = AccentColor;
				CODE_SIGN_STYLE = Automatic;
				CURRENT_PROJECT_VERSION = 1;
				DEVELOPMENT_ASSET_PATHS = "\"RealtorHub/Preview Content\"";
				ENABLE_PREVIEWS = YES;
				GENERATE_INFOPLIST_FILE = YES;
				INFOPLIST_KEY_UIApplicationSceneManifest_Generation = YES;
				INFOPLIST_KEY_UIApplicationSupportsIndirectInputEvents = YES;
				INFOPLIST_KEY_UILaunchScreen_Generation = YES;
				INFOPLIST_KEY_UISupportedInterfaceOrientations_iPad = "UIInterfaceOrientationPortrait UIInterfaceOrientationPortraitUpsideDown UIInterfaceOrientationLandscapeLeft UIInterfaceOrientationLandscapeRight";
				INFOPLIST_KEY_UISupportedInterfaceOrientations_iPhone = "UIInterfaceOrientationPortrait UIInterfaceOrientationLandscapeLeft UIInterfaceOrientationLandscapeRight";
				LD_RUNPATH_SEARCH_PATHS = (
					"$(inherited)",
					"@executable_path/Frameworks",
				);
				MARKETING_VERSION = 1.0;
				PRODUCT_BUNDLE_IDENTIFIER = realtorhub.RealtorHub;
				PRODUCT_NAME = "$(TARGET_NAME)";
				SWIFT_EMIT_LOC_STRINGS = YES;
				SWIFT_VERSION = 5.0;
				TARGETED_DEVICE_FAMILY = "1,2";
			};
			name = Debug;
		};
		52CBB07D29D4C9B400003F3E /* Release */ = {
			isa = XCBuildConfiguration;
			buildSettings = {
				ASSETCATALOG_COMPILER_APPICON_NAME = AppIcon;
				ASSETCATALOG_COMPILER_GLOBAL_ACCENT_COLOR_NAME = AccentColor;
				CODE_SIGN_STYLE = Automatic;
				CURRENT_PROJECT_VERSION = 1;
				DEVELOPMENT_ASSET_PATHS = "\"RealtorHub/Preview Content\"";
				ENABLE_PREVIEWS = YES;
				GENERATE_INFOPLIST_FILE = YES;
				INFOPLIST_KEY_UIApplicationSceneManifest_Generation = YES;
				INFOPLIST_KEY_UIApplicationSupportsIndirectInputEvents = YES;
				INFOPLIST_KEY_UILaunchScreen_Generation = YES;
				INFOPLIST_KEY_UISupportedInterfaceOrientations_iPad = "UIInterfaceOrientationPortrait UIInterfaceOrientationPortraitUpsideDown UIInterfaceOrientationLandscapeLeft UIInterfaceOrientationLandscapeRight";
				INFOPLIST_KEY_UISupportedInterfaceOrientations_iPhone = "UIInterfaceOrientationPortrait UIInterfaceOrientationLandscapeLeft UIInterfaceOrientationLandscapeRight";
				LD_RUNPATH_SEARCH_PATHS = (
					"$(inherited)",
					"@executable_path/Frameworks",
				);
				MARKETING_VERSION = 1.0;
				PRODUCT_BUNDLE_IDENTIFIER = realtorhub.RealtorHub;
				PRODUCT_NAME = "$(TARGET_NAME)";
				SWIFT_EMIT_LOC_STRINGS = YES;
				SWIFT_VERSION = 5.0;
				TARGETED_DEVICE_FAMILY = "1,2";
			};
			name = Release;
		};
		52CBB07F29D4C9B400003F3E /* Debug */ = {
			isa = XCBuildConfiguration;
			buildSettings = {
				ALWAYS_EMBED_SWIFT_STANDARD_LIBRARIES = YES;
				BUNDLE_LOADER = "$(TEST_HOST)";
				CODE_SIGN_STYLE = Automatic;
				CURRENT_PROJECT_VERSION = 1;
				GENERATE_INFOPLIST_FILE = YES;
				IPHONEOS_DEPLOYMENT_TARGET = 16.2;
				MARKETING_VERSION = 1.0;
				PRODUCT_BUNDLE_IDENTIFIER = realtorhub.RealtorHubTests;
				PRODUCT_NAME = "$(TARGET_NAME)";
				SWIFT_EMIT_LOC_STRINGS = NO;
				SWIFT_VERSION = 5.0;
				TARGETED_DEVICE_FAMILY = "1,2";
				TEST_HOST = "$(BUILT_PRODUCTS_DIR)/RealtorHub.app/$(BUNDLE_EXECUTABLE_FOLDER_PATH)/RealtorHub";
			};
			name = Debug;
		};
		52CBB08029D4C9B400003F3E /* Release */ = {
			isa = XCBuildConfiguration;
			buildSettings = {
				ALWAYS_EMBED_SWIFT_STANDARD_LIBRARIES = YES;
				BUNDLE_LOADER = "$(TEST_HOST)";
				CODE_SIGN_STYLE = Automatic;
				CURRENT_PROJECT_VERSION = 1;
				GENERATE_INFOPLIST_FILE = YES;
				IPHONEOS_DEPLOYMENT_TARGET = 16.2;
				MARKETING_VERSION = 1.0;
				PRODUCT_BUNDLE_IDENTIFIER = realtorhub.RealtorHubTests;
				PRODUCT_NAME = "$(TARGET_NAME)";
				SWIFT_EMIT_LOC_STRINGS = NO;
				SWIFT_VERSION = 5.0;
				TARGETED_DEVICE_FAMILY = "1,2";
				TEST_HOST = "$(BUILT_PRODUCTS_DIR)/RealtorHub.app/$(BUNDLE_EXECUTABLE_FOLDER_PATH)/RealtorHub";
			};
			name = Release;
		};
		52CBB08229D4C9B400003F3E /* Debug */ = {
			isa = XCBuildConfiguration;
			buildSettings = {
				ALWAYS_EMBED_SWIFT_STANDARD_LIBRARIES = YES;
				CODE_SIGN_STYLE = Automatic;
				CURRENT_PROJECT_VERSION = 1;
				GENERATE_INFOPLIST_FILE = YES;
				MARKETING_VERSION = 1.0;
				PRODUCT_BUNDLE_IDENTIFIER = realtorhub.RealtorHubUITests;
				PRODUCT_NAME = "$(TARGET_NAME)";
				SWIFT_EMIT_LOC_STRINGS = NO;
				SWIFT_VERSION = 5.0;
				TARGETED_DEVICE_FAMILY = "1,2";
				TEST_TARGET_NAME = RealtorHub;
			};
			name = Debug;
		};
		52CBB08329D4C9B400003F3E /* Release */ = {
			isa = XCBuildConfiguration;
			buildSettings = {
				ALWAYS_EMBED_SWIFT_STANDARD_LIBRARIES = YES;
				CODE_SIGN_STYLE = Automatic;
				CURRENT_PROJECT_VERSION = 1;
				GENERATE_INFOPLIST_FILE = YES;
				MARKETING_VERSION = 1.0;
				PRODUCT_BUNDLE_IDENTIFIER = realtorhub.RealtorHubUITests;
				PRODUCT_NAME = "$(TARGET_NAME)";
				SWIFT_EMIT_LOC_STRINGS = NO;
				SWIFT_VERSION = 5.0;
				TARGETED_DEVICE_FAMILY = "1,2";
				TEST_TARGET_NAME = RealtorHub;
			};
			name = Release;
		};
/* End XCBuildConfiguration section */

/* Begin XCConfigurationList section */
		52CBB05229D4C9B200003F3E /* Build configuration list for PBXProject "RealtorHub" */ = {
			isa = XCConfigurationList;
			buildConfigurations = (
				52CBB07929D4C9B400003F3E /* Debug */,
				52CBB07A29D4C9B400003F3E /* Release */,
			);
			defaultConfigurationIsVisible = 0;
			defaultConfigurationName = Release;
		};
		52CBB07B29D4C9B400003F3E /* Build configuration list for PBXNativeTarget "RealtorHub" */ = {
			isa = XCConfigurationList;
			buildConfigurations = (
				52CBB07C29D4C9B400003F3E /* Debug */,
				52CBB07D29D4C9B400003F3E /* Release */,
			);
			defaultConfigurationIsVisible = 0;
			defaultConfigurationName = Release;
		};
		52CBB07E29D4C9B400003F3E /* Build configuration list for PBXNativeTarget "RealtorHubTests" */ = {
			isa = XCConfigurationList;
			buildConfigurations = (
				52CBB07F29D4C9B400003F3E /* Debug */,
				52CBB08029D4C9B400003F3E /* Release */,
			);
			defaultConfigurationIsVisible = 0;
			defaultConfigurationName = Release;
		};
		52CBB08129D4C9B400003F3E /* Build configuration list for PBXNativeTarget "RealtorHubUITests" */ = {
			isa = XCConfigurationList;
			buildConfigurations = (
				52CBB08229D4C9B400003F3E /* Debug */,
				52CBB08329D4C9B400003F3E /* Release */,
			);
			defaultConfigurationIsVisible = 0;
			defaultConfigurationName = Release;
		};
/* End XCConfigurationList section */
	};
	rootObject = 52CBB04F29D4C9B200003F3E /* Project object */;
}
